{
  "pins" : [
    {
      "identity" : "kingfisher",
      "kind" : "remoteSourceControl",
      "location" : "https://github.com/onevcat/Kingfisher.git",
      "state" : {
        "revision" : "c1f60c63f356d364f4284ba82961acbe7de79bcc",
        "version" : "7.8.1"
      }
    },
    {
      "identity" : "progresshud?ysclid=ljs7h30ckw144559594",
      "kind" : "remoteSourceControl",
      "location" : "https://github.com/relatedcode/ProgressHUD?ysclid=ljs7h30ckw144559594",
      "state" : {
        "revision" : "9198a10513a1b5d49b3adc541e9e112f7557b746",
        "version" : "13.7.1"
      }
    },
    {
      "identity" : "swiftkeychainwrapper",
      "kind" : "remoteSourceControl",
      "location" : "https://github.com/jrendel/SwiftKeychainWrapper",
      "state" : {
        "revision" : "185a3165346a03767101c4f62e9a545a0fe0530f",
        "version" : "4.0.1"
      }
    }
  ],
  "version" : 2
}
