// !$*UTF8*$!
{
	archiveVersion = 1;
	classes = {
	};
	objectVersion = 56;
	objects = {

/* Begin PBXBuildFile section */
		030AE5DA2A6FBA7600A4ED89 /* ImagesListService.swift in Sources */ = {isa = PBXBuildFile; fileRef = 030AE5D92A6FBA7600A4ED89 /* ImagesListService.swift */; };
		030AE5DC2A6FBAE200A4ED89 /* Photo.swift in Sources */ = {isa = PBXBuildFile; fileRef = 030AE5DB2A6FBAE200A4ED89 /* Photo.swift */; };
		030AE5DE2A6FBBE300A4ED89 /* ImagesListServiceProtocol.swift in Sources */ = {isa = PBXBuildFile; fileRef = 030AE5DD2A6FBBE300A4ED89 /* ImagesListServiceProtocol.swift */; };
		030AE5E02A6FC19700A4ED89 /* PhotoResult.swift in Sources */ = {isa = PBXBuildFile; fileRef = 030AE5DF2A6FC19700A4ED89 /* PhotoResult.swift */; };
		030AE5E22A6FC31400A4ED89 /* UrlsResult.swift in Sources */ = {isa = PBXBuildFile; fileRef = 030AE5E12A6FC31400A4ED89 /* UrlsResult.swift */; };
		031D49502A3245E8008069CF /* ProfileViewController.swift in Sources */ = {isa = PBXBuildFile; fileRef = 031D494F2A3245E8008069CF /* ProfileViewController.swift */; };
		031E0DF52A66753C00A725D5 /* Kingfisher in Frameworks */ = {isa = PBXBuildFile; productRef = 031E0DF42A66753C00A725D5 /* Kingfisher */; };
		031E0DF82A66845C00A725D5 /* SwiftKeychainWrapper in Frameworks */ = {isa = PBXBuildFile; productRef = 031E0DF72A66845C00A725D5 /* SwiftKeychainWrapper */; };
		031E0DFB2A668A2F00A725D5 /* TabBarController.swift in Sources */ = {isa = PBXBuildFile; fileRef = 031E0DFA2A668A2F00A725D5 /* TabBarController.swift */; };
		033CA0F82A5267C800768A7E /* OAuth2TokenStorage.swift in Sources */ = {isa = PBXBuildFile; fileRef = 033CA0F72A5267C800768A7E /* OAuth2TokenStorage.swift */; };
		033CA0FC2A52738300768A7E /* SplashScreenViewController.swift in Sources */ = {isa = PBXBuildFile; fileRef = 033CA0FB2A52738300768A7E /* SplashScreenViewController.swift */; };
		033CA0FF2A52757000768A7E /* ProfileService.swift in Sources */ = {isa = PBXBuildFile; fileRef = 033CA0FE2A52757000768A7E /* ProfileService.swift */; };
		034FE5792A69713600926BA6 /* AlertModel.swift in Sources */ = {isa = PBXBuildFile; fileRef = 034FE5782A69713600926BA6 /* AlertModel.swift */; };
		034FE57B2A6974A000926BA6 /* ProfileImageServiceProtocol.swift in Sources */ = {isa = PBXBuildFile; fileRef = 034FE57A2A6974A000926BA6 /* ProfileImageServiceProtocol.swift */; };
		034FE57D2A69788A00926BA6 /* ProfileResult.swift in Sources */ = {isa = PBXBuildFile; fileRef = 034FE57C2A69788A00926BA6 /* ProfileResult.swift */; };
		034FE57F2A69799B00926BA6 /* Profile.swift in Sources */ = {isa = PBXBuildFile; fileRef = 034FE57E2A69799B00926BA6 /* Profile.swift */; };
		034FE5812A697AF300926BA6 /* UserResult.swift in Sources */ = {isa = PBXBuildFile; fileRef = 034FE5802A697AF300926BA6 /* UserResult.swift */; };
		034FE5832A697B0400926BA6 /* ProfileImage.swift in Sources */ = {isa = PBXBuildFile; fileRef = 034FE5822A697B0400926BA6 /* ProfileImage.swift */; };
		034FE5862A69876400926BA6 /* ProfileServiceProtocol.swift in Sources */ = {isa = PBXBuildFile; fileRef = 034FE5852A69876400926BA6 /* ProfileServiceProtocol.swift */; };
		0366A6712A85350400E584AF /* WebViewPresenter.swift in Sources */ = {isa = PBXBuildFile; fileRef = 0366A6702A85350400E584AF /* WebViewPresenter.swift */; };
		0378269D2A5EAC3500E6F671 /* UIBlockingProgressHUD.swift in Sources */ = {isa = PBXBuildFile; fileRef = 0378269C2A5EAC3500E6F671 /* UIBlockingProgressHUD.swift */; };
		038299272A57EBD500249628 /* ProgressHUD in Frameworks */ = {isa = PBXBuildFile; productRef = 038299262A57EBD500249628 /* ProgressHUD */; };
		038B73232A4EC6D2008BE1B4 /* OAuth2Service.swift in Sources */ = {isa = PBXBuildFile; fileRef = 038B73222A4EC6D2008BE1B4 /* OAuth2Service.swift */; };
		038B73262A4ECAD0008BE1B4 /* URLRequest+makeHTTPRequest.swift in Sources */ = {isa = PBXBuildFile; fileRef = 038B73252A4ECAD0008BE1B4 /* URLRequest+makeHTTPRequest.swift */; };
		039B262E2A2B3DEF0086F5E9 /* ImagesListCell.swift in Sources */ = {isa = PBXBuildFile; fileRef = 039B262D2A2B3DEF0086F5E9 /* ImagesListCell.swift */; };
		03A201822A8756980005DD61 /* AuthHelper.swift in Sources */ = {isa = PBXBuildFile; fileRef = 03A201812A8756980005DD61 /* AuthHelper.swift */; };
		03BBCD632A4C25FA0054E285 /* AuthConfiguration.swift in Sources */ = {isa = PBXBuildFile; fileRef = 03BBCD622A4C25FA0054E285 /* AuthConfiguration.swift */; };
		03D328282A38DFC3004CAA82 /* SingleImageViewController.swift in Sources */ = {isa = PBXBuildFile; fileRef = 03D328272A38DFC3004CAA82 /* SingleImageViewController.swift */; };
		03E5729F2A27BC2F002438A1 /* AppDelegate.swift in Sources */ = {isa = PBXBuildFile; fileRef = 03E5729E2A27BC2F002438A1 /* AppDelegate.swift */; };
		03E572A12A27BC2F002438A1 /* SceneDelegate.swift in Sources */ = {isa = PBXBuildFile; fileRef = 03E572A02A27BC2F002438A1 /* SceneDelegate.swift */; };
		03E572A32A27BC2F002438A1 /* ImagesListViewController.swift in Sources */ = {isa = PBXBuildFile; fileRef = 03E572A22A27BC2F002438A1 /* ImagesListViewController.swift */; };
		03E572A62A27BC2F002438A1 /* Main.storyboard in Resources */ = {isa = PBXBuildFile; fileRef = 03E572A42A27BC2F002438A1 /* Main.storyboard */; };
		03E572A82A27BC31002438A1 /* Assets.xcassets in Resources */ = {isa = PBXBuildFile; fileRef = 03E572A72A27BC31002438A1 /* Assets.xcassets */; };
		03E572AB2A27BC31002438A1 /* LaunchScreen.storyboard in Resources */ = {isa = PBXBuildFile; fileRef = 03E572A92A27BC31002438A1 /* LaunchScreen.storyboard */; };
		03E9637B2A4C74C70004EFFF /* AuthViewController.swift in Sources */ = {isa = PBXBuildFile; fileRef = 03E9637A2A4C74C70004EFFF /* AuthViewController.swift */; };
		03E9637D2A4C87A10004EFFF /* WebViewViewController.swift in Sources */ = {isa = PBXBuildFile; fileRef = 03E9637C2A4C87A10004EFFF /* WebViewViewController.swift */; };
		03ED38762A7176B500CDC579 /* ImagesListCellDelegate.swift in Sources */ = {isa = PBXBuildFile; fileRef = 03ED38752A7176B500CDC579 /* ImagesListCellDelegate.swift */; };
		03ED38782A717D2A00CDC579 /* PhotoLikeResult.swift in Sources */ = {isa = PBXBuildFile; fileRef = 03ED38772A717D2A00CDC579 /* PhotoLikeResult.swift */; };
		03F8F09A2A5FDB6D001D69F5 /* ProfileImageService.swift in Sources */ = {isa = PBXBuildFile; fileRef = 03F8F0992A5FDB6D001D69F5 /* ProfileImageService.swift */; };
		03F8F09E2A600B82001D69F5 /* URLSession+objectTask.swift in Sources */ = {isa = PBXBuildFile; fileRef = 03F8F09D2A600B82001D69F5 /* URLSession+objectTask.swift */; };
		03F8F0A12A6031F7001D69F5 /* AlertPresenter.swift in Sources */ = {isa = PBXBuildFile; fileRef = 03F8F0A02A6031F7001D69F5 /* AlertPresenter.swift */; };
/* End PBXBuildFile section */

/* Begin PBXFileReference section */
		030AE5D92A6FBA7600A4ED89 /* ImagesListService.swift */ = {isa = PBXFileReference; lastKnownFileType = sourcecode.swift; path = ImagesListService.swift; sourceTree = "<group>"; };
		030AE5DB2A6FBAE200A4ED89 /* Photo.swift */ = {isa = PBXFileReference; lastKnownFileType = sourcecode.swift; path = Photo.swift; sourceTree = "<group>"; };
		030AE5DD2A6FBBE300A4ED89 /* ImagesListServiceProtocol.swift */ = {isa = PBXFileReference; lastKnownFileType = sourcecode.swift; path = ImagesListServiceProtocol.swift; sourceTree = "<group>"; };
		030AE5DF2A6FC19700A4ED89 /* PhotoResult.swift */ = {isa = PBXFileReference; lastKnownFileType = sourcecode.swift; path = PhotoResult.swift; sourceTree = "<group>"; };
		030AE5E12A6FC31400A4ED89 /* UrlsResult.swift */ = {isa = PBXFileReference; lastKnownFileType = sourcecode.swift; path = UrlsResult.swift; sourceTree = "<group>"; };
		031D494F2A3245E8008069CF /* ProfileViewController.swift */ = {isa = PBXFileReference; lastKnownFileType = sourcecode.swift; path = ProfileViewController.swift; sourceTree = "<group>"; };
		031E0DFA2A668A2F00A725D5 /* TabBarController.swift */ = {isa = PBXFileReference; lastKnownFileType = sourcecode.swift; path = TabBarController.swift; sourceTree = "<group>"; };
		033CA0F72A5267C800768A7E /* OAuth2TokenStorage.swift */ = {isa = PBXFileReference; lastKnownFileType = sourcecode.swift; path = OAuth2TokenStorage.swift; sourceTree = "<group>"; };
		033CA0FB2A52738300768A7E /* SplashScreenViewController.swift */ = {isa = PBXFileReference; lastKnownFileType = sourcecode.swift; path = SplashScreenViewController.swift; sourceTree = "<group>"; };
		033CA0FE2A52757000768A7E /* ProfileService.swift */ = {isa = PBXFileReference; lastKnownFileType = sourcecode.swift; path = ProfileService.swift; sourceTree = "<group>"; };
		034FE5782A69713600926BA6 /* AlertModel.swift */ = {isa = PBXFileReference; lastKnownFileType = sourcecode.swift; path = AlertModel.swift; sourceTree = "<group>"; };
		034FE57A2A6974A000926BA6 /* ProfileImageServiceProtocol.swift */ = {isa = PBXFileReference; lastKnownFileType = sourcecode.swift; path = ProfileImageServiceProtocol.swift; sourceTree = "<group>"; };
		034FE57C2A69788A00926BA6 /* ProfileResult.swift */ = {isa = PBXFileReference; lastKnownFileType = sourcecode.swift; path = ProfileResult.swift; sourceTree = "<group>"; };
		034FE57E2A69799B00926BA6 /* Profile.swift */ = {isa = PBXFileReference; lastKnownFileType = sourcecode.swift; path = Profile.swift; sourceTree = "<group>"; };
		034FE5802A697AF300926BA6 /* UserResult.swift */ = {isa = PBXFileReference; lastKnownFileType = sourcecode.swift; path = UserResult.swift; sourceTree = "<group>"; };
		034FE5822A697B0400926BA6 /* ProfileImage.swift */ = {isa = PBXFileReference; lastKnownFileType = sourcecode.swift; path = ProfileImage.swift; sourceTree = "<group>"; };
		034FE5852A69876400926BA6 /* ProfileServiceProtocol.swift */ = {isa = PBXFileReference; lastKnownFileType = sourcecode.swift; path = ProfileServiceProtocol.swift; sourceTree = "<group>"; };
		0366A6702A85350400E584AF /* WebViewPresenter.swift */ = {isa = PBXFileReference; lastKnownFileType = sourcecode.swift; path = WebViewPresenter.swift; sourceTree = "<group>"; };
		0378269C2A5EAC3500E6F671 /* UIBlockingProgressHUD.swift */ = {isa = PBXFileReference; lastKnownFileType = sourcecode.swift; path = UIBlockingProgressHUD.swift; sourceTree = "<group>"; };
		038B73222A4EC6D2008BE1B4 /* OAuth2Service.swift */ = {isa = PBXFileReference; lastKnownFileType = sourcecode.swift; path = OAuth2Service.swift; sourceTree = "<group>"; };
		038B73252A4ECAD0008BE1B4 /* URLRequest+makeHTTPRequest.swift */ = {isa = PBXFileReference; lastKnownFileType = sourcecode.swift; path = "URLRequest+makeHTTPRequest.swift"; sourceTree = "<group>"; };
		039B262D2A2B3DEF0086F5E9 /* ImagesListCell.swift */ = {isa = PBXFileReference; lastKnownFileType = sourcecode.swift; path = ImagesListCell.swift; sourceTree = "<group>"; };
		03A201812A8756980005DD61 /* AuthHelper.swift */ = {isa = PBXFileReference; lastKnownFileType = sourcecode.swift; path = AuthHelper.swift; sourceTree = "<group>"; };
		03BBCD622A4C25FA0054E285 /* AuthConfiguration.swift */ = {isa = PBXFileReference; lastKnownFileType = sourcecode.swift; path = AuthConfiguration.swift; sourceTree = "<group>"; };
		03D328272A38DFC3004CAA82 /* SingleImageViewController.swift */ = {isa = PBXFileReference; lastKnownFileType = sourcecode.swift; path = SingleImageViewController.swift; sourceTree = "<group>"; };
		03E5729B2A27BC2F002438A1 /* Imaginarium.app */ = {isa = PBXFileReference; explicitFileType = wrapper.application; includeInIndex = 0; path = Imaginarium.app; sourceTree = BUILT_PRODUCTS_DIR; };
		03E5729E2A27BC2F002438A1 /* AppDelegate.swift */ = {isa = PBXFileReference; lastKnownFileType = sourcecode.swift; path = AppDelegate.swift; sourceTree = "<group>"; };
		03E572A02A27BC2F002438A1 /* SceneDelegate.swift */ = {isa = PBXFileReference; lastKnownFileType = sourcecode.swift; path = SceneDelegate.swift; sourceTree = "<group>"; };
		03E572A22A27BC2F002438A1 /* ImagesListViewController.swift */ = {isa = PBXFileReference; lastKnownFileType = sourcecode.swift; path = ImagesListViewController.swift; sourceTree = "<group>"; };
		03E572A52A27BC2F002438A1 /* Base */ = {isa = PBXFileReference; lastKnownFileType = file.storyboard; name = Base; path = Base.lproj/Main.storyboard; sourceTree = "<group>"; };
		03E572A72A27BC31002438A1 /* Assets.xcassets */ = {isa = PBXFileReference; lastKnownFileType = folder.assetcatalog; path = Assets.xcassets; sourceTree = "<group>"; };
		03E572AA2A27BC31002438A1 /* Base */ = {isa = PBXFileReference; lastKnownFileType = file.storyboard; name = Base; path = Base.lproj/LaunchScreen.storyboard; sourceTree = "<group>"; };
		03E572AC2A27BC31002438A1 /* Info.plist */ = {isa = PBXFileReference; lastKnownFileType = text.plist.xml; path = Info.plist; sourceTree = "<group>"; };
		03E9637A2A4C74C70004EFFF /* AuthViewController.swift */ = {isa = PBXFileReference; lastKnownFileType = sourcecode.swift; path = AuthViewController.swift; sourceTree = "<group>"; };
		03E9637C2A4C87A10004EFFF /* WebViewViewController.swift */ = {isa = PBXFileReference; lastKnownFileType = sourcecode.swift; path = WebViewViewController.swift; sourceTree = "<group>"; };
		03ED38752A7176B500CDC579 /* ImagesListCellDelegate.swift */ = {isa = PBXFileReference; lastKnownFileType = sourcecode.swift; path = ImagesListCellDelegate.swift; sourceTree = "<group>"; };
		03ED38772A717D2A00CDC579 /* PhotoLikeResult.swift */ = {isa = PBXFileReference; lastKnownFileType = sourcecode.swift; path = PhotoLikeResult.swift; sourceTree = "<group>"; };
		03F8F0992A5FDB6D001D69F5 /* ProfileImageService.swift */ = {isa = PBXFileReference; lastKnownFileType = sourcecode.swift; path = ProfileImageService.swift; sourceTree = "<group>"; };
		03F8F09D2A600B82001D69F5 /* URLSession+objectTask.swift */ = {isa = PBXFileReference; lastKnownFileType = sourcecode.swift; path = "URLSession+objectTask.swift"; sourceTree = "<group>"; };
		03F8F0A02A6031F7001D69F5 /* AlertPresenter.swift */ = {isa = PBXFileReference; lastKnownFileType = sourcecode.swift; path = AlertPresenter.swift; sourceTree = "<group>"; };
/* End PBXFileReference section */

/* Begin PBXFrameworksBuildPhase section */
		03E572982A27BC2F002438A1 /* Frameworks */ = {
			isa = PBXFrameworksBuildPhase;
			buildActionMask = 2147483647;
			files = (
				031E0DF52A66753C00A725D5 /* Kingfisher in Frameworks */,
				038299272A57EBD500249628 /* ProgressHUD in Frameworks */,
				031E0DF82A66845C00A725D5 /* SwiftKeychainWrapper in Frameworks */,
			);
			runOnlyForDeploymentPostprocessing = 0;
		};
/* End PBXFrameworksBuildPhase section */

/* Begin PBXGroup section */
		031D494E2A32458B008069CF /* Profile */ = {
			isa = PBXGroup;
			children = (
				031D494F2A3245E8008069CF /* ProfileViewController.swift */,
			);
			path = Profile;
			sourceTree = "<group>";
		};
		031E0DF92A668A0D00A725D5 /* TabBar */ = {
			isa = PBXGroup;
			children = (
				031E0DFA2A668A2F00A725D5 /* TabBarController.swift */,
			);
			path = TabBar;
			sourceTree = "<group>";
		};
		033CA0FA2A52737000768A7E /* SplashScreen */ = {
			isa = PBXGroup;
			children = (
				033CA0FB2A52738300768A7E /* SplashScreenViewController.swift */,
			);
			path = SplashScreen;
			sourceTree = "<group>";
		};
		033CA0FD2A52755600768A7E /* UnsplashAPI */ = {
			isa = PBXGroup;
			children = (
				034FE5842A69852C00926BA6 /* Models */,
				033CA0FE2A52757000768A7E /* ProfileService.swift */,
				03F8F0992A5FDB6D001D69F5 /* ProfileImageService.swift */,
				030AE5D92A6FBA7600A4ED89 /* ImagesListService.swift */,
			);
			path = UnsplashAPI;
			sourceTree = "<group>";
		};
		033CA1002A5284FE00768A7E /* ServiceAccessLayer */ = {
			isa = PBXGroup;
			children = (
				03E963792A4C74AC0004EFFF /* OAuth2 */,
				033CA0FD2A52755600768A7E /* UnsplashAPI */,
			);
			path = ServiceAccessLayer;
			sourceTree = "<group>";
		};
		033CA1012A52853B00768A7E /* Auth */ = {
			isa = PBXGroup;
			children = (
				03BBCD622A4C25FA0054E285 /* AuthConfiguration.swift */,
				03E9637A2A4C74C70004EFFF /* AuthViewController.swift */,
				03E9637C2A4C87A10004EFFF /* WebViewViewController.swift */,
				0366A6702A85350400E584AF /* WebViewPresenter.swift */,
				03A201812A8756980005DD61 /* AuthHelper.swift */,
			);
			path = Auth;
			sourceTree = "<group>";
		};
		034FE5842A69852C00926BA6 /* Models */ = {
			isa = PBXGroup;
			children = (
				034FE57A2A6974A000926BA6 /* ProfileImageServiceProtocol.swift */,
				034FE5852A69876400926BA6 /* ProfileServiceProtocol.swift */,
				034FE57C2A69788A00926BA6 /* ProfileResult.swift */,
				034FE57E2A69799B00926BA6 /* Profile.swift */,
				034FE5802A697AF300926BA6 /* UserResult.swift */,
				034FE5822A697B0400926BA6 /* ProfileImage.swift */,
				030AE5DB2A6FBAE200A4ED89 /* Photo.swift */,
				030AE5DD2A6FBBE300A4ED89 /* ImagesListServiceProtocol.swift */,
				030AE5DF2A6FC19700A4ED89 /* PhotoResult.swift */,
				030AE5E12A6FC31400A4ED89 /* UrlsResult.swift */,
				03ED38772A717D2A00CDC579 /* PhotoLikeResult.swift */,
			);
			path = Models;
			sourceTree = "<group>";
		};
		0378269B2A5EABF600E6F671 /* BlockingProgressHUD */ = {
			isa = PBXGroup;
			children = (
				0378269C2A5EAC3500E6F671 /* UIBlockingProgressHUD.swift */,
			);
			path = BlockingProgressHUD;
			sourceTree = "<group>";
		};
		038B73242A4ECAA5008BE1B4 /* Extensions */ = {
			isa = PBXGroup;
			children = (
				038B73252A4ECAD0008BE1B4 /* URLRequest+makeHTTPRequest.swift */,
				03F8F09D2A600B82001D69F5 /* URLSession+objectTask.swift */,
			);
			path = Extensions;
			sourceTree = "<group>";
		};
		039B262C2A2B3DD60086F5E9 /* ImagesList */ = {
			isa = PBXGroup;
			children = (
				03E572A22A27BC2F002438A1 /* ImagesListViewController.swift */,
				039B262D2A2B3DEF0086F5E9 /* ImagesListCell.swift */,
				03ED38752A7176B500CDC579 /* ImagesListCellDelegate.swift */,
			);
			path = ImagesList;
			sourceTree = "<group>";
		};
		03D328262A38DF9B004CAA82 /* SingleImageView */ = {
			isa = PBXGroup;
			children = (
				03D328272A38DFC3004CAA82 /* SingleImageViewController.swift */,
			);
			path = SingleImageView;
			sourceTree = "<group>";
		};
		03E572922A27BC2F002438A1 = {
			isa = PBXGroup;
			children = (
				03E5729D2A27BC2F002438A1 /* Imaginarium */,
				03E5729C2A27BC2F002438A1 /* Products */,
			);
			sourceTree = "<group>";
		};
		03E5729C2A27BC2F002438A1 /* Products */ = {
			isa = PBXGroup;
			children = (
				03E5729B2A27BC2F002438A1 /* Imaginarium.app */,
			);
			name = Products;
			sourceTree = "<group>";
		};
		03E5729D2A27BC2F002438A1 /* Imaginarium */ = {
			isa = PBXGroup;
			children = (
				031E0DF92A668A0D00A725D5 /* TabBar */,
				03F8F09F2A6031D8001D69F5 /* AlertPresenter */,
				0378269B2A5EABF600E6F671 /* BlockingProgressHUD */,
				033CA1012A52853B00768A7E /* Auth */,
				033CA1002A5284FE00768A7E /* ServiceAccessLayer */,
				033CA0FA2A52737000768A7E /* SplashScreen */,
				038B73242A4ECAA5008BE1B4 /* Extensions */,
				03D328262A38DF9B004CAA82 /* SingleImageView */,
				031D494E2A32458B008069CF /* Profile */,
				039B262C2A2B3DD60086F5E9 /* ImagesList */,
				03E5729E2A27BC2F002438A1 /* AppDelegate.swift */,
				03E572A02A27BC2F002438A1 /* SceneDelegate.swift */,
				03E572A42A27BC2F002438A1 /* Main.storyboard */,
				03E572A72A27BC31002438A1 /* Assets.xcassets */,
				03E572A92A27BC31002438A1 /* LaunchScreen.storyboard */,
				03E572AC2A27BC31002438A1 /* Info.plist */,
			);
			path = Imaginarium;
			sourceTree = "<group>";
		};
		03E963792A4C74AC0004EFFF /* OAuth2 */ = {
			isa = PBXGroup;
			children = (
				038B73222A4EC6D2008BE1B4 /* OAuth2Service.swift */,
				033CA0F72A5267C800768A7E /* OAuth2TokenStorage.swift */,
			);
			path = OAuth2;
			sourceTree = "<group>";
		};
		03F8F09F2A6031D8001D69F5 /* AlertPresenter */ = {
			isa = PBXGroup;
			children = (
				03F8F0A02A6031F7001D69F5 /* AlertPresenter.swift */,
				034FE5782A69713600926BA6 /* AlertModel.swift */,
			);
			path = AlertPresenter;
			sourceTree = "<group>";
		};
/* End PBXGroup section */

/* Begin PBXNativeTarget section */
		03E5729A2A27BC2F002438A1 /* Imaginarium */ = {
			isa = PBXNativeTarget;
			buildConfigurationList = 03E572AF2A27BC31002438A1 /* Build configuration list for PBXNativeTarget "Imaginarium" */;
			buildPhases = (
				03E572972A27BC2F002438A1 /* Sources */,
				03E572982A27BC2F002438A1 /* Frameworks */,
				03E572992A27BC2F002438A1 /* Resources */,
			);
			buildRules = (
			);
			dependencies = (
			);
			name = Imaginarium;
			packageProductDependencies = (
				038299262A57EBD500249628 /* ProgressHUD */,
				031E0DF42A66753C00A725D5 /* Kingfisher */,
				031E0DF72A66845C00A725D5 /* SwiftKeychainWrapper */,
			);
			productName = Imaginarium;
			productReference = 03E5729B2A27BC2F002438A1 /* Imaginarium.app */;
			productType = "com.apple.product-type.application";
		};
/* End PBXNativeTarget section */

/* Begin PBXProject section */
		03E572932A27BC2F002438A1 /* Project object */ = {
			isa = PBXProject;
			attributes = {
				BuildIndependentTargetsInParallel = 1;
				LastSwiftUpdateCheck = 1430;
				LastUpgradeCheck = 1430;
				TargetAttributes = {
					03E5729A2A27BC2F002438A1 = {
						CreatedOnToolsVersion = 14.3;
					};
				};
			};
			buildConfigurationList = 03E572962A27BC2F002438A1 /* Build configuration list for PBXProject "Imaginarium" */;
			compatibilityVersion = "Xcode 14.0";
			developmentRegion = en;
			hasScannedForEncodings = 0;
			knownRegions = (
				en,
				Base,
			);
			mainGroup = 03E572922A27BC2F002438A1;
			packageReferences = (
				038299252A57EBD500249628 /* XCRemoteSwiftPackageReference "ProgressHUD" */,
				031E0DF32A66753C00A725D5 /* XCRemoteSwiftPackageReference "Kingfisher" */,
				031E0DF62A66845C00A725D5 /* XCRemoteSwiftPackageReference "SwiftKeychainWrapper" */,
			);
			productRefGroup = 03E5729C2A27BC2F002438A1 /* Products */;
			projectDirPath = "";
			projectRoot = "";
			targets = (
				03E5729A2A27BC2F002438A1 /* Imaginarium */,
			);
		};
/* End PBXProject section */

/* Begin PBXResourcesBuildPhase section */
		03E572992A27BC2F002438A1 /* Resources */ = {
			isa = PBXResourcesBuildPhase;
			buildActionMask = 2147483647;
			files = (
				03E572AB2A27BC31002438A1 /* LaunchScreen.storyboard in Resources */,
				03E572A82A27BC31002438A1 /* Assets.xcassets in Resources */,
				03E572A62A27BC2F002438A1 /* Main.storyboard in Resources */,
			);
			runOnlyForDeploymentPostprocessing = 0;
		};
/* End PBXResourcesBuildPhase section */

/* Begin PBXSourcesBuildPhase section */
		03E572972A27BC2F002438A1 /* Sources */ = {
			isa = PBXSourcesBuildPhase;
			buildActionMask = 2147483647;
			files = (
				030AE5DC2A6FBAE200A4ED89 /* Photo.swift in Sources */,
				034FE57D2A69788A00926BA6 /* ProfileResult.swift in Sources */,
				030AE5E22A6FC31400A4ED89 /* UrlsResult.swift in Sources */,
				034FE57B2A6974A000926BA6 /* ProfileImageServiceProtocol.swift in Sources */,
				03E572A32A27BC2F002438A1 /* ImagesListViewController.swift in Sources */,
				034FE57F2A69799B00926BA6 /* Profile.swift in Sources */,
				033CA0FC2A52738300768A7E /* SplashScreenViewController.swift in Sources */,
				0378269D2A5EAC3500E6F671 /* UIBlockingProgressHUD.swift in Sources */,
				0366A6712A85350400E584AF /* WebViewPresenter.swift in Sources */,
				039B262E2A2B3DEF0086F5E9 /* ImagesListCell.swift in Sources */,
				03F8F09E2A600B82001D69F5 /* URLSession+objectTask.swift in Sources */,
				034FE5832A697B0400926BA6 /* ProfileImage.swift in Sources */,
				03A201822A8756980005DD61 /* AuthHelper.swift in Sources */,
				03F8F0A12A6031F7001D69F5 /* AlertPresenter.swift in Sources */,
				031D49502A3245E8008069CF /* ProfileViewController.swift in Sources */,
				03F8F09A2A5FDB6D001D69F5 /* ProfileImageService.swift in Sources */,
				034FE5792A69713600926BA6 /* AlertModel.swift in Sources */,
				03E5729F2A27BC2F002438A1 /* AppDelegate.swift in Sources */,
				03ED38762A7176B500CDC579 /* ImagesListCellDelegate.swift in Sources */,
				030AE5DE2A6FBBE300A4ED89 /* ImagesListServiceProtocol.swift in Sources */,
				038B73232A4EC6D2008BE1B4 /* OAuth2Service.swift in Sources */,
				034FE5862A69876400926BA6 /* ProfileServiceProtocol.swift in Sources */,
				031E0DFB2A668A2F00A725D5 /* TabBarController.swift in Sources */,
				03E9637B2A4C74C70004EFFF /* AuthViewController.swift in Sources */,
				03ED38782A717D2A00CDC579 /* PhotoLikeResult.swift in Sources */,
				03BBCD632A4C25FA0054E285 /* AuthConfiguration.swift in Sources */,
				030AE5E02A6FC19700A4ED89 /* PhotoResult.swift in Sources */,
				034FE5812A697AF300926BA6 /* UserResult.swift in Sources */,
				03D328282A38DFC3004CAA82 /* SingleImageViewController.swift in Sources */,
				03E9637D2A4C87A10004EFFF /* WebViewViewController.swift in Sources */,
				038B73262A4ECAD0008BE1B4 /* URLRequest+makeHTTPRequest.swift in Sources */,
				030AE5DA2A6FBA7600A4ED89 /* ImagesListService.swift in Sources */,
				033CA0F82A5267C800768A7E /* OAuth2TokenStorage.swift in Sources */,
				03E572A12A27BC2F002438A1 /* SceneDelegate.swift in Sources */,
				033CA0FF2A52757000768A7E /* ProfileService.swift in Sources */,
			);
			runOnlyForDeploymentPostprocessing = 0;
		};
/* End PBXSourcesBuildPhase section */

/* Begin PBXVariantGroup section */
		03E572A42A27BC2F002438A1 /* Main.storyboard */ = {
			isa = PBXVariantGroup;
			children = (
				03E572A52A27BC2F002438A1 /* Base */,
			);
			name = Main.storyboard;
			sourceTree = "<group>";
		};
		03E572A92A27BC31002438A1 /* LaunchScreen.storyboard */ = {
			isa = PBXVariantGroup;
			children = (
				03E572AA2A27BC31002438A1 /* Base */,
			);
			name = LaunchScreen.storyboard;
			sourceTree = "<group>";
		};
/* End PBXVariantGroup section */

/* Begin XCBuildConfiguration section */
		03E572AD2A27BC31002438A1 /* Debug */ = {
			isa = XCBuildConfiguration;
			buildSettings = {
				ALWAYS_SEARCH_USER_PATHS = NO;
				CLANG_ANALYZER_NONNULL = YES;
				CLANG_ANALYZER_NUMBER_OBJECT_CONVERSION = YES_AGGRESSIVE;
				CLANG_CXX_LANGUAGE_STANDARD = "gnu++20";
				CLANG_ENABLE_MODULES = YES;
				CLANG_ENABLE_OBJC_ARC = YES;
				CLANG_ENABLE_OBJC_WEAK = YES;
				CLANG_WARN_BLOCK_CAPTURE_AUTORELEASING = YES;
				CLANG_WARN_BOOL_CONVERSION = YES;
				CLANG_WARN_COMMA = YES;
				CLANG_WARN_CONSTANT_CONVERSION = YES;
				CLANG_WARN_DEPRECATED_OBJC_IMPLEMENTATIONS = YES;
				CLANG_WARN_DIRECT_OBJC_ISA_USAGE = YES_ERROR;
				CLANG_WARN_DOCUMENTATION_COMMENTS = YES;
				CLANG_WARN_EMPTY_BODY = YES;
				CLANG_WARN_ENUM_CONVERSION = YES;
				CLANG_WARN_INFINITE_RECURSION = YES;
				CLANG_WARN_INT_CONVERSION = YES;
				CLANG_WARN_NON_LITERAL_NULL_CONVERSION = YES;
				CLANG_WARN_OBJC_IMPLICIT_RETAIN_SELF = YES;
				CLANG_WARN_OBJC_LITERAL_CONVERSION = YES;
				CLANG_WARN_OBJC_ROOT_CLASS = YES_ERROR;
				CLANG_WARN_QUOTED_INCLUDE_IN_FRAMEWORK_HEADER = YES;
				CLANG_WARN_RANGE_LOOP_ANALYSIS = YES;
				CLANG_WARN_STRICT_PROTOTYPES = YES;
				CLANG_WARN_SUSPICIOUS_MOVE = YES;
				CLANG_WARN_UNGUARDED_AVAILABILITY = YES_AGGRESSIVE;
				CLANG_WARN_UNREACHABLE_CODE = YES;
				CLANG_WARN__DUPLICATE_METHOD_MATCH = YES;
				COPY_PHASE_STRIP = NO;
				DEBUG_INFORMATION_FORMAT = dwarf;
				ENABLE_STRICT_OBJC_MSGSEND = YES;
				ENABLE_TESTABILITY = YES;
				GCC_C_LANGUAGE_STANDARD = gnu11;
				GCC_DYNAMIC_NO_PIC = NO;
				GCC_NO_COMMON_BLOCKS = YES;
				GCC_OPTIMIZATION_LEVEL = 0;
				GCC_PREPROCESSOR_DEFINITIONS = (
					"DEBUG=1",
					"$(inherited)",
				);
				GCC_WARN_64_TO_32_BIT_CONVERSION = YES;
				GCC_WARN_ABOUT_RETURN_TYPE = YES_ERROR;
				GCC_WARN_UNDECLARED_SELECTOR = YES;
				GCC_WARN_UNINITIALIZED_AUTOS = YES_AGGRESSIVE;
				GCC_WARN_UNUSED_FUNCTION = YES;
				GCC_WARN_UNUSED_VARIABLE = YES;
				IPHONEOS_DEPLOYMENT_TARGET = 16.4;
				MTL_ENABLE_DEBUG_INFO = INCLUDE_SOURCE;
				MTL_FAST_MATH = YES;
				ONLY_ACTIVE_ARCH = YES;
				SDKROOT = iphoneos;
				SWIFT_ACTIVE_COMPILATION_CONDITIONS = DEBUG;
				SWIFT_OPTIMIZATION_LEVEL = "-Onone";
			};
			name = Debug;
		};
		03E572AE2A27BC31002438A1 /* Release */ = {
			isa = XCBuildConfiguration;
			buildSettings = {
				ALWAYS_SEARCH_USER_PATHS = NO;
				CLANG_ANALYZER_NONNULL = YES;
				CLANG_ANALYZER_NUMBER_OBJECT_CONVERSION = YES_AGGRESSIVE;
				CLANG_CXX_LANGUAGE_STANDARD = "gnu++20";
				CLANG_ENABLE_MODULES = YES;
				CLANG_ENABLE_OBJC_ARC = YES;
				CLANG_ENABLE_OBJC_WEAK = YES;
				CLANG_WARN_BLOCK_CAPTURE_AUTORELEASING = YES;
				CLANG_WARN_BOOL_CONVERSION = YES;
				CLANG_WARN_COMMA = YES;
				CLANG_WARN_CONSTANT_CONVERSION = YES;
				CLANG_WARN_DEPRECATED_OBJC_IMPLEMENTATIONS = YES;
				CLANG_WARN_DIRECT_OBJC_ISA_USAGE = YES_ERROR;
				CLANG_WARN_DOCUMENTATION_COMMENTS = YES;
				CLANG_WARN_EMPTY_BODY = YES;
				CLANG_WARN_ENUM_CONVERSION = YES;
				CLANG_WARN_INFINITE_RECURSION = YES;
				CLANG_WARN_INT_CONVERSION = YES;
				CLANG_WARN_NON_LITERAL_NULL_CONVERSION = YES;
				CLANG_WARN_OBJC_IMPLICIT_RETAIN_SELF = YES;
				CLANG_WARN_OBJC_LITERAL_CONVERSION = YES;
				CLANG_WARN_OBJC_ROOT_CLASS = YES_ERROR;
				CLANG_WARN_QUOTED_INCLUDE_IN_FRAMEWORK_HEADER = YES;
				CLANG_WARN_RANGE_LOOP_ANALYSIS = YES;
				CLANG_WARN_STRICT_PROTOTYPES = YES;
				CLANG_WARN_SUSPICIOUS_MOVE = YES;
				CLANG_WARN_UNGUARDED_AVAILABILITY = YES_AGGRESSIVE;
				CLANG_WARN_UNREACHABLE_CODE = YES;
				CLANG_WARN__DUPLICATE_METHOD_MATCH = YES;
				COPY_PHASE_STRIP = NO;
				DEBUG_INFORMATION_FORMAT = "dwarf-with-dsym";
				ENABLE_NS_ASSERTIONS = NO;
				ENABLE_STRICT_OBJC_MSGSEND = YES;
				GCC_C_LANGUAGE_STANDARD = gnu11;
				GCC_NO_COMMON_BLOCKS = YES;
				GCC_WARN_64_TO_32_BIT_CONVERSION = YES;
				GCC_WARN_ABOUT_RETURN_TYPE = YES_ERROR;
				GCC_WARN_UNDECLARED_SELECTOR = YES;
				GCC_WARN_UNINITIALIZED_AUTOS = YES_AGGRESSIVE;
				GCC_WARN_UNUSED_FUNCTION = YES;
				GCC_WARN_UNUSED_VARIABLE = YES;
				IPHONEOS_DEPLOYMENT_TARGET = 16.4;
				MTL_ENABLE_DEBUG_INFO = NO;
				MTL_FAST_MATH = YES;
				SDKROOT = iphoneos;
				SWIFT_COMPILATION_MODE = wholemodule;
				SWIFT_OPTIMIZATION_LEVEL = "-O";
				VALIDATE_PRODUCT = YES;
			};
			name = Release;
		};
		03E572B02A27BC31002438A1 /* Debug */ = {
			isa = XCBuildConfiguration;
			buildSettings = {
				ASSETCATALOG_COMPILER_APPICON_NAME = AppIcon;
				ASSETCATALOG_COMPILER_GLOBAL_ACCENT_COLOR_NAME = AccentColor;
				CODE_SIGN_STYLE = Automatic;
				CURRENT_PROJECT_VERSION = 1;
				DEVELOPMENT_TEAM = 9R2KGM7B52;
				GENERATE_INFOPLIST_FILE = YES;
				INFOPLIST_FILE = Imaginarium/Info.plist;
				INFOPLIST_KEY_UIApplicationSupportsIndirectInputEvents = YES;
				INFOPLIST_KEY_UILaunchStoryboardName = LaunchScreen;
				INFOPLIST_KEY_UIMainStoryboardFile = Main;
				INFOPLIST_KEY_UISupportedInterfaceOrientations = UIInterfaceOrientationPortrait;
				IPHONEOS_DEPLOYMENT_TARGET = 13.0;
				LD_RUNPATH_SEARCH_PATHS = (
					"$(inherited)",
					"@executable_path/Frameworks",
				);
				MARKETING_VERSION = 1.0;
				PRODUCT_BUNDLE_IDENTIFIER = com.takeastart.Imaginarium;
				PRODUCT_NAME = "$(TARGET_NAME)";
				SUPPORTED_PLATFORMS = "iphoneos iphonesimulator";
				SUPPORTS_MACCATALYST = NO;
				SUPPORTS_MAC_DESIGNED_FOR_IPHONE_IPAD = NO;
				SWIFT_EMIT_LOC_STRINGS = YES;
				SWIFT_VERSION = 5.0;
				TARGETED_DEVICE_FAMILY = 1;
			};
			name = Debug;
		};
		03E572B12A27BC31002438A1 /* Release */ = {
			isa = XCBuildConfiguration;
			buildSettings = {
				ASSETCATALOG_COMPILER_APPICON_NAME = AppIcon;
				ASSETCATALOG_COMPILER_GLOBAL_ACCENT_COLOR_NAME = AccentColor;
				CODE_SIGN_STYLE = Automatic;
				CURRENT_PROJECT_VERSION = 1;
				DEVELOPMENT_TEAM = 9R2KGM7B52;
				GENERATE_INFOPLIST_FILE = YES;
				INFOPLIST_FILE = Imaginarium/Info.plist;
				INFOPLIST_KEY_UIApplicationSupportsIndirectInputEvents = YES;
				INFOPLIST_KEY_UILaunchStoryboardName = LaunchScreen;
				INFOPLIST_KEY_UIMainStoryboardFile = Main;
				INFOPLIST_KEY_UISupportedInterfaceOrientations = UIInterfaceOrientationPortrait;
				IPHONEOS_DEPLOYMENT_TARGET = 13.0;
				LD_RUNPATH_SEARCH_PATHS = (
					"$(inherited)",
					"@executable_path/Frameworks",
				);
				MARKETING_VERSION = 1.0;
				PRODUCT_BUNDLE_IDENTIFIER = com.takeastart.Imaginarium;
				PRODUCT_NAME = "$(TARGET_NAME)";
				SUPPORTED_PLATFORMS = "iphoneos iphonesimulator";
				SUPPORTS_MACCATALYST = NO;
				SUPPORTS_MAC_DESIGNED_FOR_IPHONE_IPAD = NO;
				SWIFT_EMIT_LOC_STRINGS = YES;
				SWIFT_VERSION = 5.0;
				TARGETED_DEVICE_FAMILY = 1;
			};
			name = Release;
		};
/* End XCBuildConfiguration section */

/* Begin XCConfigurationList section */
		03E572962A27BC2F002438A1 /* Build configuration list for PBXProject "Imaginarium" */ = {
			isa = XCConfigurationList;
			buildConfigurations = (
				03E572AD2A27BC31002438A1 /* Debug */,
				03E572AE2A27BC31002438A1 /* Release */,
			);
			defaultConfigurationIsVisible = 0;
			defaultConfigurationName = Release;
		};
		03E572AF2A27BC31002438A1 /* Build configuration list for PBXNativeTarget "Imaginarium" */ = {
			isa = XCConfigurationList;
			buildConfigurations = (
				03E572B02A27BC31002438A1 /* Debug */,
				03E572B12A27BC31002438A1 /* Release */,
			);
			defaultConfigurationIsVisible = 0;
			defaultConfigurationName = Release;
		};
/* End XCConfigurationList section */

/* Begin XCRemoteSwiftPackageReference section */
		031E0DF32A66753C00A725D5 /* XCRemoteSwiftPackageReference "Kingfisher" */ = {
			isa = XCRemoteSwiftPackageReference;
			repositoryURL = "https://github.com/onevcat/Kingfisher.git";
			requirement = {
				kind = upToNextMajorVersion;
				minimumVersion = 7.0.0;
			};
		};
		031E0DF62A66845C00A725D5 /* XCRemoteSwiftPackageReference "SwiftKeychainWrapper" */ = {
			isa = XCRemoteSwiftPackageReference;
			repositoryURL = "https://github.com/jrendel/SwiftKeychainWrapper";
			requirement = {
				kind = upToNextMajorVersion;
				minimumVersion = 4.0.0;
			};
		};
		038299252A57EBD500249628 /* XCRemoteSwiftPackageReference "ProgressHUD" */ = {
			isa = XCRemoteSwiftPackageReference;
			repositoryURL = "https://github.com/relatedcode/ProgressHUD?ysclid=ljs7h30ckw144559594";
			requirement = {
				kind = exactVersion;
				version = 13.7.1;
			};
		};
/* End XCRemoteSwiftPackageReference section */

/* Begin XCSwiftPackageProductDependency section */
		031E0DF42A66753C00A725D5 /* Kingfisher */ = {
			isa = XCSwiftPackageProductDependency;
			package = 031E0DF32A66753C00A725D5 /* XCRemoteSwiftPackageReference "Kingfisher" */;
			productName = Kingfisher;
		};
		031E0DF72A66845C00A725D5 /* SwiftKeychainWrapper */ = {
			isa = XCSwiftPackageProductDependency;
			package = 031E0DF62A66845C00A725D5 /* XCRemoteSwiftPackageReference "SwiftKeychainWrapper" */;
			productName = SwiftKeychainWrapper;
		};
		038299262A57EBD500249628 /* ProgressHUD */ = {
			isa = XCSwiftPackageProductDependency;
			package = 038299252A57EBD500249628 /* XCRemoteSwiftPackageReference "ProgressHUD" */;
			productName = ProgressHUD;
		};
/* End XCSwiftPackageProductDependency section */
	};
	rootObject = 03E572932A27BC2F002438A1 /* Project object */;
}
